// !$*UTF8*$!
{
	archiveVersion = 1;
	classes = {
	};
	objectVersion = 55;
	objects = {

/* Begin PBXBuildFile section */
		CC11B01D280D40B30087C0D7 /* AppDelegate.swift in Sources */ = {isa = PBXBuildFile; fileRef = CC11B01C280D40B30087C0D7 /* AppDelegate.swift */; };
		CC11B01F280D40B30087C0D7 /* SceneDelegate.swift in Sources */ = {isa = PBXBuildFile; fileRef = CC11B01E280D40B30087C0D7 /* SceneDelegate.swift */; };
		CC11B021280D40B30087C0D7 /* HomeViewController.swift in Sources */ = {isa = PBXBuildFile; fileRef = CC11B020280D40B30087C0D7 /* HomeViewController.swift */; };
		CC11B026280D40B50087C0D7 /* Assets.xcassets in Resources */ = {isa = PBXBuildFile; fileRef = CC11B025280D40B50087C0D7 /* Assets.xcassets */; };
		CC11B029280D40B50087C0D7 /* LaunchScreen.storyboard in Resources */ = {isa = PBXBuildFile; fileRef = CC11B027280D40B50087C0D7 /* LaunchScreen.storyboard */; };
		CC11B036280D4AAA0087C0D7 /* NSAttributedString + Extension.swift in Sources */ = {isa = PBXBuildFile; fileRef = CC11B031280D4AAA0087C0D7 /* NSAttributedString + Extension.swift */; };
		CC11B037280D4AAA0087C0D7 /* UIView + Extension.swift in Sources */ = {isa = PBXBuildFile; fileRef = CC11B032280D4AAA0087C0D7 /* UIView + Extension.swift */; };
		CC11B038280D4AAA0087C0D7 /* NSTextAttachment + Extension.swift in Sources */ = {isa = PBXBuildFile; fileRef = CC11B033280D4AAA0087C0D7 /* NSTextAttachment + Extension.swift */; };
		CC11B039280D4AAA0087C0D7 /* CardViewModel.swift in Sources */ = {isa = PBXBuildFile; fileRef = CC11B035280D4AAA0087C0D7 /* CardViewModel.swift */; };
		CC8811F1280E703300D93C8D /* CustomCardView.swift in Sources */ = {isa = PBXBuildFile; fileRef = CC8811F0280E703300D93C8D /* CustomCardView.swift */; };
		CCAEC6B2280E09E800BBBF6D /* HomeViewControllerScreen.swift in Sources */ = {isa = PBXBuildFile; fileRef = CCAEC6B1280E09E800BBBF6D /* HomeViewControllerScreen.swift */; };
		CCAEC6B9280E148900BBBF6D /* CardViewTableViewCell.swift in Sources */ = {isa = PBXBuildFile; fileRef = CCAEC6B8280E148900BBBF6D /* CardViewTableViewCell.swift */; };
/* End PBXBuildFile section */

/* Begin PBXFileReference section */
		CC11B019280D40B30087C0D7 /* MusicAppViewCode.app */ = {isa = PBXFileReference; explicitFileType = wrapper.application; includeInIndex = 0; path = MusicAppViewCode.app; sourceTree = BUILT_PRODUCTS_DIR; };
		CC11B01C280D40B30087C0D7 /* AppDelegate.swift */ = {isa = PBXFileReference; lastKnownFileType = sourcecode.swift; path = AppDelegate.swift; sourceTree = "<group>"; };
		CC11B01E280D40B30087C0D7 /* SceneDelegate.swift */ = {isa = PBXFileReference; lastKnownFileType = sourcecode.swift; path = SceneDelegate.swift; sourceTree = "<group>"; };
		CC11B020280D40B30087C0D7 /* HomeViewController.swift */ = {isa = PBXFileReference; lastKnownFileType = sourcecode.swift; path = HomeViewController.swift; sourceTree = "<group>"; };
		CC11B025280D40B50087C0D7 /* Assets.xcassets */ = {isa = PBXFileReference; lastKnownFileType = folder.assetcatalog; path = Assets.xcassets; sourceTree = "<group>"; };
		CC11B028280D40B50087C0D7 /* Base */ = {isa = PBXFileReference; lastKnownFileType = file.storyboard; name = Base; path = Base.lproj/LaunchScreen.storyboard; sourceTree = "<group>"; };
		CC11B02A280D40B50087C0D7 /* Info.plist */ = {isa = PBXFileReference; lastKnownFileType = text.plist.xml; path = Info.plist; sourceTree = "<group>"; };
		CC11B031280D4AAA0087C0D7 /* NSAttributedString + Extension.swift */ = {isa = PBXFileReference; fileEncoding = 4; lastKnownFileType = sourcecode.swift; path = "NSAttributedString + Extension.swift"; sourceTree = "<group>"; };
		CC11B032280D4AAA0087C0D7 /* UIView + Extension.swift */ = {isa = PBXFileReference; fileEncoding = 4; lastKnownFileType = sourcecode.swift; path = "UIView + Extension.swift"; sourceTree = "<group>"; };
		CC11B033280D4AAA0087C0D7 /* NSTextAttachment + Extension.swift */ = {isa = PBXFileReference; fileEncoding = 4; lastKnownFileType = sourcecode.swift; path = "NSTextAttachment + Extension.swift"; sourceTree = "<group>"; };
		CC11B035280D4AAA0087C0D7 /* CardViewModel.swift */ = {isa = PBXFileReference; fileEncoding = 4; lastKnownFileType = sourcecode.swift; path = CardViewModel.swift; sourceTree = "<group>"; };
		CC8811F0280E703300D93C8D /* CustomCardView.swift */ = {isa = PBXFileReference; lastKnownFileType = sourcecode.swift; path = CustomCardView.swift; sourceTree = "<group>"; };
		CCAEC6B1280E09E800BBBF6D /* HomeViewControllerScreen.swift */ = {isa = PBXFileReference; lastKnownFileType = sourcecode.swift; path = HomeViewControllerScreen.swift; sourceTree = "<group>"; };
		CCAEC6B8280E148900BBBF6D /* CardViewTableViewCell.swift */ = {isa = PBXFileReference; lastKnownFileType = sourcecode.swift; path = CardViewTableViewCell.swift; sourceTree = "<group>"; };
/* End PBXFileReference section */

/* Begin PBXFrameworksBuildPhase section */
		CC11B016280D40B30087C0D7 /* Frameworks */ = {
			isa = PBXFrameworksBuildPhase;
			buildActionMask = 2147483647;
			files = (
			);
			runOnlyForDeploymentPostprocessing = 0;
		};
/* End PBXFrameworksBuildPhase section */

/* Begin PBXGroup section */
		CC11B010280D40B30087C0D7 = {
			isa = PBXGroup;
			children = (
				CC11B01B280D40B30087C0D7 /* MusicAppViewCode */,
				CC11B01A280D40B30087C0D7 /* Products */,
			);
			sourceTree = "<group>";
		};
		CC11B01A280D40B30087C0D7 /* Products */ = {
			isa = PBXGroup;
			children = (
				CC11B019280D40B30087C0D7 /* MusicAppViewCode.app */,
			);
			name = Products;
			sourceTree = "<group>";
		};
		CC11B01B280D40B30087C0D7 /* MusicAppViewCode */ = {
			isa = PBXGroup;
			children = (
				CC11B030280D4AAA0087C0D7 /* Extension */,
				CC11B034280D4AAA0087C0D7 /* Model */,
				CC8811EF280E701D00D93C8D /* CustomView */,
				CCAEC6B6280E0A4600BBBF6D /* Home */,
				CCAEC6B7280E147300BBBF6D /* Cell */,
				CC11B01C280D40B30087C0D7 /* AppDelegate.swift */,
				CC11B01E280D40B30087C0D7 /* SceneDelegate.swift */,
				CC11B025280D40B50087C0D7 /* Assets.xcassets */,
				CC11B027280D40B50087C0D7 /* LaunchScreen.storyboard */,
				CC11B02A280D40B50087C0D7 /* Info.plist */,
			);
			path = MusicAppViewCode;
			sourceTree = "<group>";
		};
		CC11B030280D4AAA0087C0D7 /* Extension */ = {
			isa = PBXGroup;
			children = (
				CC11B031280D4AAA0087C0D7 /* NSAttributedString + Extension.swift */,
				CC11B032280D4AAA0087C0D7 /* UIView + Extension.swift */,
				CC11B033280D4AAA0087C0D7 /* NSTextAttachment + Extension.swift */,
			);
			path = Extension;
			sourceTree = "<group>";
		};
		CC11B034280D4AAA0087C0D7 /* Model */ = {
			isa = PBXGroup;
			children = (
				CC11B035280D4AAA0087C0D7 /* CardViewModel.swift */,
			);
			path = Model;
			sourceTree = "<group>";
		};
		CC8811EF280E701D00D93C8D /* CustomView */ = {
			isa = PBXGroup;
			children = (
				CC8811F0280E703300D93C8D /* CustomCardView.swift */,
			);
			path = CustomView;
			sourceTree = "<group>";
		};
		CC8811F2280E751D00D93C8D /* Screen */ = {
			isa = PBXGroup;
			children = (
				CCAEC6B1280E09E800BBBF6D /* HomeViewControllerScreen.swift */,
			);
			path = Screen;
			sourceTree = "<group>";
		};
		CCAEC6B6280E0A4600BBBF6D /* Home */ = {
			isa = PBXGroup;
			children = (
				CC8811F2280E751D00D93C8D /* Screen */,
				CC11B020280D40B30087C0D7 /* HomeViewController.swift */,
			);
			path = Home;
			sourceTree = "<group>";
		};
		CCAEC6B7280E147300BBBF6D /* Cell */ = {
			isa = PBXGroup;
			children = (
				CCAEC6B8280E148900BBBF6D /* CardViewTableViewCell.swift */,
			);
			path = Cell;
			sourceTree = "<group>";
		};
/* End PBXGroup section */

/* Begin PBXNativeTarget section */
		CC11B018280D40B30087C0D7 /* MusicAppViewCode */ = {
			isa = PBXNativeTarget;
			buildConfigurationList = CC11B02D280D40B50087C0D7 /* Build configuration list for PBXNativeTarget "MusicAppViewCode" */;
			buildPhases = (
				CC11B015280D40B30087C0D7 /* Sources */,
				CC11B016280D40B30087C0D7 /* Frameworks */,
				CC11B017280D40B30087C0D7 /* Resources */,
			);
			buildRules = (
			);
			dependencies = (
			);
			name = MusicAppViewCode;
			productName = MusicAppViewCode;
			productReference = CC11B019280D40B30087C0D7 /* MusicAppViewCode.app */;
			productType = "com.apple.product-type.application";
		};
/* End PBXNativeTarget section */

/* Begin PBXProject section */
		CC11B011280D40B30087C0D7 /* Project object */ = {
			isa = PBXProject;
			attributes = {
				BuildIndependentTargetsInParallel = 1;
				LastSwiftUpdateCheck = 1330;
				LastUpgradeCheck = 1330;
				TargetAttributes = {
					CC11B018280D40B30087C0D7 = {
						CreatedOnToolsVersion = 13.3.1;
					};
				};
			};
			buildConfigurationList = CC11B014280D40B30087C0D7 /* Build configuration list for PBXProject "MusicAppViewCode" */;
			compatibilityVersion = "Xcode 13.0";
			developmentRegion = en;
			hasScannedForEncodings = 0;
			knownRegions = (
				en,
				Base,
			);
			mainGroup = CC11B010280D40B30087C0D7;
			productRefGroup = CC11B01A280D40B30087C0D7 /* Products */;
			projectDirPath = "";
			projectRoot = "";
			targets = (
				CC11B018280D40B30087C0D7 /* MusicAppViewCode */,
			);
		};
/* End PBXProject section */

/* Begin PBXResourcesBuildPhase section */
		CC11B017280D40B30087C0D7 /* Resources */ = {
			isa = PBXResourcesBuildPhase;
			buildActionMask = 2147483647;
			files = (
				CC11B029280D40B50087C0D7 /* LaunchScreen.storyboard in Resources */,
				CC11B026280D40B50087C0D7 /* Assets.xcassets in Resources */,
			);
			runOnlyForDeploymentPostprocessing = 0;
		};
/* End PBXResourcesBuildPhase section */

/* Begin PBXSourcesBuildPhase section */
		CC11B015280D40B30087C0D7 /* Sources */ = {
			isa = PBXSourcesBuildPhase;
			buildActionMask = 2147483647;
			files = (
				CCAEC6B9280E148900BBBF6D /* CardViewTableViewCell.swift in Sources */,
				CC11B021280D40B30087C0D7 /* HomeViewController.swift in Sources */,
				CCAEC6B2280E09E800BBBF6D /* HomeViewControllerScreen.swift in Sources */,
				CC11B01D280D40B30087C0D7 /* AppDelegate.swift in Sources */,
				CC11B038280D4AAA0087C0D7 /* NSTextAttachment + Extension.swift in Sources */,
				CC11B01F280D40B30087C0D7 /* SceneDelegate.swift in Sources */,
				CC11B037280D4AAA0087C0D7 /* UIView + Extension.swift in Sources */,
				CC8811F1280E703300D93C8D /* CustomCardView.swift in Sources */,
				CC11B036280D4AAA0087C0D7 /* NSAttributedString + Extension.swift in Sources */,
				CC11B039280D4AAA0087C0D7 /* CardViewModel.swift in Sources */,
			);
			runOnlyForDeploymentPostprocessing = 0;
		};
/* End PBXSourcesBuildPhase section */

/* Begin PBXVariantGroup section */
		CC11B027280D40B50087C0D7 /* LaunchScreen.storyboard */ = {
			isa = PBXVariantGroup;
			children = (
				CC11B028280D40B50087C0D7 /* Base */,
			);
			name = LaunchScreen.storyboard;
			sourceTree = "<group>";
		};
/* End PBXVariantGroup section */

/* Begin XCBuildConfiguration section */
		CC11B02B280D40B50087C0D7 /* Debug */ = {
			isa = XCBuildConfiguration;
			buildSettings = {
				ALWAYS_SEARCH_USER_PATHS = NO;
				CLANG_ANALYZER_NONNULL = YES;
				CLANG_ANALYZER_NUMBER_OBJECT_CONVERSION = YES_AGGRESSIVE;
				CLANG_CXX_LANGUAGE_STANDARD = "gnu++17";
				CLANG_ENABLE_MODULES = YES;
				CLANG_ENABLE_OBJC_ARC = YES;
				CLANG_ENABLE_OBJC_WEAK = YES;
				CLANG_WARN_BLOCK_CAPTURE_AUTORELEASING = YES;
				CLANG_WARN_BOOL_CONVERSION = YES;
				CLANG_WARN_COMMA = YES;
				CLANG_WARN_CONSTANT_CONVERSION = YES;
				CLANG_WARN_DEPRECATED_OBJC_IMPLEMENTATIONS = YES;
				CLANG_WARN_DIRECT_OBJC_ISA_USAGE = YES_ERROR;
				CLANG_WARN_DOCUMENTATION_COMMENTS = YES;
				CLANG_WARN_EMPTY_BODY = YES;
				CLANG_WARN_ENUM_CONVERSION = YES;
				CLANG_WARN_INFINITE_RECURSION = YES;
				CLANG_WARN_INT_CONVERSION = YES;
				CLANG_WARN_NON_LITERAL_NULL_CONVERSION = YES;
				CLANG_WARN_OBJC_IMPLICIT_RETAIN_SELF = YES;
				CLANG_WARN_OBJC_LITERAL_CONVERSION = YES;
				CLANG_WARN_OBJC_ROOT_CLASS = YES_ERROR;
				CLANG_WARN_QUOTED_INCLUDE_IN_FRAMEWORK_HEADER = YES;
				CLANG_WARN_RANGE_LOOP_ANALYSIS = YES;
				CLANG_WARN_STRICT_PROTOTYPES = YES;
				CLANG_WARN_SUSPICIOUS_MOVE = YES;
				CLANG_WARN_UNGUARDED_AVAILABILITY = YES_AGGRESSIVE;
				CLANG_WARN_UNREACHABLE_CODE = YES;
				CLANG_WARN__DUPLICATE_METHOD_MATCH = YES;
				COPY_PHASE_STRIP = NO;
				DEBUG_INFORMATION_FORMAT = dwarf;
				ENABLE_STRICT_OBJC_MSGSEND = YES;
				ENABLE_TESTABILITY = YES;
				GCC_C_LANGUAGE_STANDARD = gnu11;
				GCC_DYNAMIC_NO_PIC = NO;
				GCC_NO_COMMON_BLOCKS = YES;
				GCC_OPTIMIZATION_LEVEL = 0;
				GCC_PREPROCESSOR_DEFINITIONS = (
					"DEBUG=1",
					"$(inherited)",
				);
				GCC_WARN_64_TO_32_BIT_CONVERSION = YES;
				GCC_WARN_ABOUT_RETURN_TYPE = YES_ERROR;
				GCC_WARN_UNDECLARED_SELECTOR = YES;
				GCC_WARN_UNINITIALIZED_AUTOS = YES_AGGRESSIVE;
				GCC_WARN_UNUSED_FUNCTION = YES;
				GCC_WARN_UNUSED_VARIABLE = YES;
				IPHONEOS_DEPLOYMENT_TARGET = 15.4;
				MTL_ENABLE_DEBUG_INFO = INCLUDE_SOURCE;
				MTL_FAST_MATH = YES;
				ONLY_ACTIVE_ARCH = YES;
				SDKROOT = iphoneos;
				SWIFT_ACTIVE_COMPILATION_CONDITIONS = DEBUG;
				SWIFT_OPTIMIZATION_LEVEL = "-Onone";
			};
			name = Debug;
		};
		CC11B02C280D40B50087C0D7 /* Release */ = {
			isa = XCBuildConfiguration;
			buildSettings = {
				ALWAYS_SEARCH_USER_PATHS = NO;
				CLANG_ANALYZER_NONNULL = YES;
				CLANG_ANALYZER_NUMBER_OBJECT_CONVERSION = YES_AGGRESSIVE;
				CLANG_CXX_LANGUAGE_STANDARD = "gnu++17";
				CLANG_ENABLE_MODULES = YES;
				CLANG_ENABLE_OBJC_ARC = YES;
				CLANG_ENABLE_OBJC_WEAK = YES;
				CLANG_WARN_BLOCK_CAPTURE_AUTORELEASING = YES;
				CLANG_WARN_BOOL_CONVERSION = YES;
				CLANG_WARN_COMMA = YES;
				CLANG_WARN_CONSTANT_CONVERSION = YES;
				CLANG_WARN_DEPRECATED_OBJC_IMPLEMENTATIONS = YES;
				CLANG_WARN_DIRECT_OBJC_ISA_USAGE = YES_ERROR;
				CLANG_WARN_DOCUMENTATION_COMMENTS = YES;
				CLANG_WARN_EMPTY_BODY = YES;
				CLANG_WARN_ENUM_CONVERSION = YES;
				CLANG_WARN_INFINITE_RECURSION = YES;
				CLANG_WARN_INT_CONVERSION = YES;
				CLANG_WARN_NON_LITERAL_NULL_CONVERSION = YES;
				CLANG_WARN_OBJC_IMPLICIT_RETAIN_SELF = YES;
				CLANG_WARN_OBJC_LITERAL_CONVERSION = YES;
				CLANG_WARN_OBJC_ROOT_CLASS = YES_ERROR;
				CLANG_WARN_QUOTED_INCLUDE_IN_FRAMEWORK_HEADER = YES;
				CLANG_WARN_RANGE_LOOP_ANALYSIS = YES;
				CLANG_WARN_STRICT_PROTOTYPES = YES;
				CLANG_WARN_SUSPICIOUS_MOVE = YES;
				CLANG_WARN_UNGUARDED_AVAILABILITY = YES_AGGRESSIVE;
				CLANG_WARN_UNREACHABLE_CODE = YES;
				CLANG_WARN__DUPLICATE_METHOD_MATCH = YES;
				COPY_PHASE_STRIP = NO;
				DEBUG_INFORMATION_FORMAT = "dwarf-with-dsym";
				ENABLE_NS_ASSERTIONS = NO;
				ENABLE_STRICT_OBJC_MSGSEND = YES;
				GCC_C_LANGUAGE_STANDARD = gnu11;
				GCC_NO_COMMON_BLOCKS = YES;
				GCC_WARN_64_TO_32_BIT_CONVERSION = YES;
				GCC_WARN_ABOUT_RETURN_TYPE = YES_ERROR;
				GCC_WARN_UNDECLARED_SELECTOR = YES;
				GCC_WARN_UNINITIALIZED_AUTOS = YES_AGGRESSIVE;
				GCC_WARN_UNUSED_FUNCTION = YES;
				GCC_WARN_UNUSED_VARIABLE = YES;
				IPHONEOS_DEPLOYMENT_TARGET = 15.4;
				MTL_ENABLE_DEBUG_INFO = NO;
				MTL_FAST_MATH = YES;
				SDKROOT = iphoneos;
				SWIFT_COMPILATION_MODE = wholemodule;
				SWIFT_OPTIMIZATION_LEVEL = "-O";
				VALIDATE_PRODUCT = YES;
			};
			name = Release;
		};
		CC11B02E280D40B50087C0D7 /* Debug */ = {
			isa = XCBuildConfiguration;
			buildSettings = {
				ASSETCATALOG_COMPILER_APPICON_NAME = AppIcon;
				ASSETCATALOG_COMPILER_GLOBAL_ACCENT_COLOR_NAME = AccentColor;
				CODE_SIGN_STYLE = Automatic;
				CURRENT_PROJECT_VERSION = 1;
				DEVELOPMENT_TEAM = L859KY23VK;
				GENERATE_INFOPLIST_FILE = YES;
				INFOPLIST_FILE = MusicAppViewCode/Info.plist;
				INFOPLIST_KEY_UIApplicationSupportsIndirectInputEvents = YES;
				INFOPLIST_KEY_UILaunchStoryboardName = LaunchScreen;
				INFOPLIST_KEY_UISupportedInterfaceOrientations_iPad = "UIInterfaceOrientationPortrait UIInterfaceOrientationPortraitUpsideDown UIInterfaceOrientationLandscapeLeft UIInterfaceOrientationLandscapeRight";
				INFOPLIST_KEY_UISupportedInterfaceOrientations_iPhone = "UIInterfaceOrientationPortrait UIInterfaceOrientationLandscapeLeft UIInterfaceOrientationLandscapeRight";
				IPHONEOS_DEPLOYMENT_TARGET = 14.0;
				LD_RUNPATH_SEARCH_PATHS = (
					"$(inherited)",
					"@executable_path/Frameworks",
				);
				MARKETING_VERSION = 1.0;
				PRODUCT_BUNDLE_IDENTIFIER = com.jeanlucas.MusicAppViewCode;
				PRODUCT_NAME = "$(TARGET_NAME)";
				SWIFT_EMIT_LOC_STRINGS = YES;
				SWIFT_VERSION = 5.0;
				TARGETED_DEVICE_FAMILY = "1,2";
			};
			name = Debug;
		};
		CC11B02F280D40B50087C0D7 /* Release */ = {
			isa = XCBuildConfiguration;
			buildSettings = {
				ASSETCATALOG_COMPILER_APPICON_NAME = AppIcon;
				ASSETCATALOG_COMPILER_GLOBAL_ACCENT_COLOR_NAME = AccentColor;
				CODE_SIGN_STYLE = Automatic;
				CURRENT_PROJECT_VERSION = 1;
				DEVELOPMENT_TEAM = L859KY23VK;
				GENERATE_INFOPLIST_FILE = YES;
				INFOPLIST_FILE = MusicAppViewCode/Info.plist;
				INFOPLIST_KEY_UIApplicationSupportsIndirectInputEvents = YES;
				INFOPLIST_KEY_UILaunchStoryboardName = LaunchScreen;
				INFOPLIST_KEY_UISupportedInterfaceOrientations_iPad = "UIInterfaceOrientationPortrait UIInterfaceOrientationPortraitUpsideDown UIInterfaceOrientationLandscapeLeft UIInterfaceOrientationLandscapeRight";
				INFOPLIST_KEY_UISupportedInterfaceOrientations_iPhone = "UIInterfaceOrientationPortrait UIInterfaceOrientationLandscapeLeft UIInterfaceOrientationLandscapeRight";
				IPHONEOS_DEPLOYMENT_TARGET = 14.0;
				LD_RUNPATH_SEARCH_PATHS = (
					"$(inherited)",
					"@executable_path/Frameworks",
				);
				MARKETING_VERSION = 1.0;
				PRODUCT_BUNDLE_IDENTIFIER = com.jeanlucas.MusicAppViewCode;
				PRODUCT_NAME = "$(TARGET_NAME)";
				SWIFT_EMIT_LOC_STRINGS = YES;
				SWIFT_VERSION = 5.0;
				TARGETED_DEVICE_FAMILY = "1,2";
			};
			name = Release;
		};
/* End XCBuildConfiguration section */

/* Begin XCConfigurationList section */
		CC11B014280D40B30087C0D7 /* Build configuration list for PBXProject "MusicAppViewCode" */ = {
			isa = XCConfigurationList;
			buildConfigurations = (
				CC11B02B280D40B50087C0D7 /* Debug */,
				CC11B02C280D40B50087C0D7 /* Release */,
			);
			defaultConfigurationIsVisible = 0;
			defaultConfigurationName = Release;
		};
		CC11B02D280D40B50087C0D7 /* Build configuration list for PBXNativeTarget "MusicAppViewCode" */ = {
			isa = XCConfigurationList;
			buildConfigurations = (
				CC11B02E280D40B50087C0D7 /* Debug */,
				CC11B02F280D40B50087C0D7 /* Release */,
			);
			defaultConfigurationIsVisible = 0;
			defaultConfigurationName = Release;
		};
/* End XCConfigurationList section */
	};
	rootObject = CC11B011280D40B30087C0D7 /* Project object */;
}
